{
  "version": 4,
  "terraform_version": "1.13.1",
  "serial": 10,
  "lineage": "a749c591-03cd-5c4f-5c1d-270179aee6d6",
  "outputs": {
    "redshift_database": {
      "value": "",
      "type": "string"
    },
    "redshift_endpoint": {
      "value": "excel-to-redshift-cluster.cse1qshxxzlx.ap-south-1.redshift.amazonaws.com:5439",
      "type": "string"
    },
    "redshift_port": {
      "value": 5439,
      "type": "number"
    },
    "redshift_role_arn": {
      "value": "arn:aws:iam::034362041286:role/excel-to-redshift-redshift-role-034362041286",
      "type": "string"
    },
    "s3_bucket_name": {
      "value": "excel-to-redshift-034362041286-bucket",
      "type": "string"
    }
  },
  "resources": [
    {
      "mode": "data",
      "type": "aws_caller_identity",
      "name": "current",
      "provider": "provider[\"registry.terraform.io/hashicorp/aws\"]",
      "instances": [
        {
          "schema_version": 0,
          "attributes": {
            "account_id": "034362041286",
            "arn": "arn:aws:iam::034362041286:user/aws-cli",
            "id": "034362041286",
            "user_id": "AIDAQQABDEPDJAVMCDFD5"
          },
          "sensitive_attributes": [],
          "identity_schema_version": 0
        }
      ]
    },
    {
      "mode": "data",
      "type": "aws_subnets",
      "name": "default",
      "provider": "provider[\"registry.terraform.io/hashicorp/aws\"]",
      "instances": [
        {
          "schema_version": 0,
          "attributes": {
            "filter": [
              {
                "name": "vpc-id",
                "values": [
                  "vpc-0754b5ebdf5f78a92"
                ]
              }
            ],
            "id": "ap-south-1",
            "ids": [
              "subnet-00736713a4b87b39d",
              "subnet-09e4195f3b869e371",
              "subnet-05f1ef48dadeec77f"
            ],
            "tags": null,
            "timeouts": null
          },
          "sensitive_attributes": [],
          "identity_schema_version": 0
        }
      ]
    },
    {
      "mode": "data",
      "type": "aws_vpc",
      "name": "default",
      "provider": "provider[\"registry.terraform.io/hashicorp/aws\"]",
      "instances": [
        {
          "schema_version": 0,
          "attributes": {
            "arn": "arn:aws:ec2:ap-south-1:034362041286:vpc/vpc-0754b5ebdf5f78a92",
            "cidr_block": "172.31.0.0/16",
            "cidr_block_associations": [
              {
                "association_id": "vpc-cidr-assoc-0e7fca62c6a9dab8c",
                "cidr_block": "172.31.0.0/16",
                "state": "associated"
              }
            ],
            "default": true,
            "dhcp_options_id": "dopt-0d9921642e17b927c",
            "enable_dns_hostnames": true,
            "enable_dns_support": true,
            "enable_network_address_usage_metrics": false,
            "filter": null,
            "id": "vpc-0754b5ebdf5f78a92",
            "instance_tenancy": "default",
            "ipv6_association_id": "",
            "ipv6_cidr_block": "",
            "main_route_table_id": "rtb-05c96b3fb61b87593",
            "owner_id": "034362041286",
            "state": null,
            "tags": {},
            "timeouts": null
          },
          "sensitive_attributes": [],
          "identity_schema_version": 0
        }
      ]
    },
    {
      "mode": "managed",
      "type": "aws_iam_role",
      "name": "redshift_role",
      "provider": "provider[\"registry.terraform.io/hashicorp/aws\"]",
      "instances": [
        {
          "schema_version": 0,
          "attributes": {
            "arn": "arn:aws:iam::034362041286:role/excel-to-redshift-redshift-role-034362041286",
            "assume_role_policy": "{\"Statement\":[{\"Action\":\"sts:AssumeRole\",\"Effect\":\"Allow\",\"Principal\":{\"Service\":\"redshift.amazonaws.com\"}}],\"Version\":\"2012-10-17\"}",
            "create_date": "2025-09-02T12:01:38Z",
            "description": "",
            "force_detach_policies": false,
            "id": "excel-to-redshift-redshift-role-034362041286",
            "inline_policy": [],
            "managed_policy_arns": [
              "arn:aws:iam::aws:policy/AmazonS3ReadOnlyAccess"
            ],
            "max_session_duration": 3600,
            "name": "excel-to-redshift-redshift-role-034362041286",
            "name_prefix": "",
            "path": "/",
            "permissions_boundary": "",
            "tags": {},
            "tags_all": {},
            "unique_id": "AROAQQABDEPDM4FW2KYWE"
          },
          "sensitive_attributes": [],
          "identity_schema_version": 0,
          "private": "bnVsbA==",
          "dependencies": [
            "data.aws_caller_identity.current"
          ]
        }
      ]
    },
    {
      "mode": "managed",
      "type": "aws_iam_role_policy_attachment",
      "name": "redshift_s3_access",
      "provider": "provider[\"registry.terraform.io/hashicorp/aws\"]",
      "instances": [
        {
          "schema_version": 0,
          "attributes": {
            "id": "excel-to-redshift-redshift-role-034362041286-20250902120137512800000001",
            "policy_arn": "arn:aws:iam::aws:policy/AmazonS3ReadOnlyAccess",
            "role": "excel-to-redshift-redshift-role-034362041286"
          },
          "sensitive_attributes": [],
          "identity_schema_version": 0,
          "private": "bnVsbA==",
          "dependencies": [
            "aws_iam_role.redshift_role",
            "data.aws_caller_identity.current"
          ]
        }
      ]
    },
    {
      "mode": "managed",
      "type": "aws_redshift_cluster",
      "name": "redshift",
      "provider": "provider[\"registry.terraform.io/hashicorp/aws\"]",
      "instances": [
        {
          "schema_version": 0,
          "attributes": {
            "allow_version_upgrade": true,
            "apply_immediately": false,
            "aqua_configuration_status": "auto",
            "arn": "arn:aws:redshift:ap-south-1:034362041286:cluster:excel-to-redshift-cluster",
            "automated_snapshot_retention_period": 1,
            "availability_zone": "ap-south-1b",
            "availability_zone_relocation_enabled": true,
            "cluster_identifier": "excel-to-redshift-cluster",
            "cluster_namespace_arn": "arn:aws:redshift:ap-south-1:034362041286:namespace:717d85a8-f821-4855-a64f-89ac6662e129",
            "cluster_nodes": [
              {
                "node_role": "SHARED",
                "private_ip_address": "172.31.14.174",
                "public_ip_address": "13.232.13.145"
              }
            ],
            "cluster_parameter_group_name": "default.redshift-2.0",
            "cluster_public_key": "ssh-rsa AAAAB3NzaC1yc2EAAAADAQABAAABAQCdoIj3wv6BbQmGPfDQGOaP40K0qtQM9170MsmBUTzaAuzZsnyix4m9KWupM1NmEj2yw/Gr/qtC89QEXgE3x0GySaHEYBJ9nfbZYxX7M0M8s7RbGoyDwy3ZNazNTHlA/cDh9rea1DFIpXca9Df7R0eYsXsEgMnYio8ozpdX8Bi6HGpVOJwu3vn6UqMo6Oz/Rqo5g+2+Fr/v2zrQmk9cWBReCSduGuCO1m44Wgi0k8XkDR87Ltz4I585DxhlW+F6dD0EibfkWtrzDpcKbByZIefjYOnF5mKFsy+P1Q1OZrC7cp5i/wuaYxK5TpWv31TleZnge6DSXNH42meQX6Kb2M8v Amazon-Redshift\n",
            "cluster_revision_number": "121035",
            "cluster_subnet_group_name": "excel-to-redshift-subnet-group",
            "cluster_type": "single-node",
            "cluster_version": "1.0",
            "database_name": "",
            "default_iam_role_arn": "",
            "dns_name": "excel-to-redshift-cluster.cse1qshxxzlx.ap-south-1.redshift.amazonaws.com",
            "elastic_ip": null,
            "encrypted": true,
            "endpoint": "excel-to-redshift-cluster.cse1qshxxzlx.ap-south-1.redshift.amazonaws.com:5439",
            "enhanced_vpc_routing": false,
            "final_snapshot_identifier": null,
            "iam_roles": [
              "arn:aws:iam::034362041286:role/excel-to-redshift-redshift-role-034362041286"
            ],
            "id": "excel-to-redshift-cluster",
            "kms_key_id": "AWS_OWNED_KMS_KEY",
            "logging": [
              {
                "bucket_name": "",
                "enable": false,
                "log_destination_type": "",
                "log_exports": [],
                "s3_key_prefix": ""
              }
            ],
            "maintenance_track_name": "current",
            "manage_master_password": null,
            "manual_snapshot_retention_period": -1,
            "master_password": "Str0ngPass!2025",
            "master_password_secret_arn": "",
            "master_password_secret_kms_key_id": "",
            "master_password_wo": null,
            "master_password_wo_version": null,
            "master_username": "adminuser",
            "multi_az": false,
            "node_type": "ra3.xlplus",
            "number_of_nodes": 1,
            "owner_account": null,
            "port": 5439,
            "preferred_maintenance_window": "sun:06:00-sun:06:30",
            "publicly_accessible": true,
            "skip_final_snapshot": true,
            "snapshot_arn": null,
            "snapshot_cluster_identifier": null,
            "snapshot_copy": [],
            "snapshot_identifier": null,
            "tags": null,
            "tags_all": {},
            "timeouts": null,
            "vpc_security_group_ids": [
              "sg-01e514e70f58f55a9"
            ]
          },
          "sensitive_attributes": [
            [
              {
                "type": "get_attr",
                "value": "master_password"
              }
            ],
            [
              {
                "type": "get_attr",
                "value": "master_password_wo"
              }
            ]
          ],
          "identity_schema_version": 0,
          "private": "eyJlMmJmYjczMC1lY2FhLTExZTYtOGY4OC0zNDM2M2JjN2M0YzAiOnsiY3JlYXRlIjo0NTAwMDAwMDAwMDAwLCJkZWxldGUiOjI0MDAwMDAwMDAwMDAsInVwZGF0ZSI6NDUwMDAwMDAwMDAwMH19",
          "dependencies": [
            "aws_iam_role.redshift_role",
            "aws_redshift_subnet_group.redshift_subnet",
            "aws_security_group.redshift_sg",
            "data.aws_caller_identity.current",
            "data.aws_subnets.default",
            "data.aws_vpc.default"
          ]
        }
      ]
    },
    {
      "mode": "managed",
      "type": "aws_redshift_subnet_group",
      "name": "redshift_subnet",
      "provider": "provider[\"registry.terraform.io/hashicorp/aws\"]",
      "instances": [
        {
          "schema_version": 0,
          "attributes": {
            "arn": "arn:aws:redshift:ap-south-1:034362041286:subnetgroup:excel-to-redshift-subnet-group",
            "description": "Managed by Terraform",
            "id": "excel-to-redshift-subnet-group",
            "name": "excel-to-redshift-subnet-group",
            "subnet_ids": [
              "subnet-00736713a4b87b39d",
              "subnet-05f1ef48dadeec77f",
              "subnet-09e4195f3b869e371"
            ],
            "tags": {},
            "tags_all": {}
          },
          "sensitive_attributes": [],
          "identity_schema_version": 0,
          "private": "bnVsbA==",
          "dependencies": [
            "data.aws_subnets.default",
            "data.aws_vpc.default"
          ]
        }
      ]
    },
    {
      "mode": "managed",
      "type": "aws_s3_bucket",
      "name": "excel_bucket",
      "provider": "provider[\"registry.terraform.io/hashicorp/aws\"]",
      "instances": [
        {
          "schema_version": 0,
          "attributes": {
            "acceleration_status": "",
            "acl": null,
            "arn": "arn:aws:s3:::excel-to-redshift-034362041286-bucket",
            "bucket": "excel-to-redshift-034362041286-bucket",
            "bucket_domain_name": "excel-to-redshift-034362041286-bucket.s3.amazonaws.com",
            "bucket_prefix": "",
            "bucket_regional_domain_name": "excel-to-redshift-034362041286-bucket.s3.ap-south-1.amazonaws.com",
            "cors_rule": [],
            "force_destroy": false,
            "grant": [
              {
                "id": "a001deba764329a4e537122d53c17915a19f75973938608fb30087a0eb2d134e",
                "permissions": [
                  "FULL_CONTROL"
                ],
                "type": "CanonicalUser",
                "uri": ""
              }
            ],
            "hosted_zone_id": "Z11RGJOFQNVJUP",
            "id": "excel-to-redshift-034362041286-bucket",
            "lifecycle_rule": [],
            "logging": [],
            "object_lock_configuration": [],
            "object_lock_enabled": false,
            "policy": "",
            "region": "ap-south-1",
            "replication_configuration": [],
            "request_payer": "BucketOwner",
            "server_side_encryption_configuration": [
              {
                "rule": [
                  {
                    "apply_server_side_encryption_by_default": [
                      {
                        "kms_master_key_id": "",
                        "sse_algorithm": "AES256"
                      }
                    ],
                    "bucket_key_enabled": false
                  }
                ]
              }
            ],
            "tags": {},
            "tags_all": {},
            "timeouts": null,
            "versioning": [
              {
                "enabled": true,
                "mfa_delete": false
              }
            ],
            "website": [],
            "website_domain": null,
            "website_endpoint": null
          },
          "sensitive_attributes": [],
          "identity_schema_version": 0,
          "private": "eyJlMmJmYjczMC1lY2FhLTExZTYtOGY4OC0zNDM2M2JjN2M0YzAiOnsiY3JlYXRlIjoxMjAwMDAwMDAwMDAwLCJkZWxldGUiOjM2MDAwMDAwMDAwMDAsInJlYWQiOjEyMDAwMDAwMDAwMDAsInVwZGF0ZSI6MTIwMDAwMDAwMDAwMH19",
          "dependencies": [
            "data.aws_caller_identity.current"
          ]
        }
      ]
    },
    {
      "mode": "managed",
      "type": "aws_s3_bucket_versioning",
      "name": "versioning",
      "provider": "provider[\"registry.terraform.io/hashicorp/aws\"]",
      "instances": [
        {
          "schema_version": 0,
          "attributes": {
            "bucket": "excel-to-redshift-034362041286-bucket",
            "expected_bucket_owner": "",
            "id": "excel-to-redshift-034362041286-bucket",
            "mfa": null,
            "versioning_configuration": [
              {
                "mfa_delete": "",
                "status": "Enabled"
              }
            ]
          },
          "sensitive_attributes": [],
          "identity_schema_version": 0,
          "private": "bnVsbA==",
          "dependencies": [
            "aws_s3_bucket.excel_bucket",
            "data.aws_caller_identity.current"
          ]
        }
      ]
    },
    {
      "mode": "managed",
      "type": "aws_security_group",
      "name": "redshift_sg",
      "provider": "provider[\"registry.terraform.io/hashicorp/aws\"]",
      "instances": [
        {
          "schema_version": 1,
          "attributes": {
            "arn": "arn:aws:ec2:ap-south-1:034362041286:security-group/sg-01e514e70f58f55a9",
            "description": "Managed by Terraform",
            "egress": [
              {
                "cidr_blocks": [
                  "0.0.0.0/0"
                ],
                "description": "",
                "from_port": 0,
                "ipv6_cidr_blocks": [],
                "prefix_list_ids": [],
                "protocol": "-1",
                "security_groups": [],
                "self": false,
                "to_port": 0
              }
            ],
            "id": "sg-01e514e70f58f55a9",
            "ingress": [
              {
                "cidr_blocks": [
                  "223.185.46.101/32"
                ],
                "description": "",
                "from_port": 5439,
                "ipv6_cidr_blocks": [],
                "prefix_list_ids": [],
                "protocol": "tcp",
                "security_groups": [],
                "self": false,
                "to_port": 5439
              }
            ],
            "name": "excel-to-redshift-sg",
            "name_prefix": "",
            "owner_id": "034362041286",
            "revoke_rules_on_delete": false,
            "tags": {},
            "tags_all": {},
            "timeouts": null,
            "vpc_id": "vpc-0754b5ebdf5f78a92"
          },
          "sensitive_attributes": [],
          "identity_schema_version": 0,
          "private": "eyJlMmJmYjczMC1lY2FhLTExZTYtOGY4OC0zNDM2M2JjN2M0YzAiOnsiY3JlYXRlIjo2MDAwMDAwMDAwMDAsImRlbGV0ZSI6OTAwMDAwMDAwMDAwfSwic2NoZW1hX3ZlcnNpb24iOiIxIn0=",
          "dependencies": [
            "data.aws_vpc.default"
          ]
        }
      ]
    }
  ],
  "check_results": null
}
